
Microsoft Visual Studio Solution File, Format Version 12.00
# Visual Studio 15
VisualStudioVersion = 15.0.27703.2042
MinimumVisualStudioVersion = 10.0.40219.1
Project("{FAE04EC0-301F-11D3-BF4B-00C04F79EFBC}") = "GADE - ICE Test 1", "GADE - ICE Test 1\GADE - ICE Test 1.csproj", "{3A2028B8-3852-4CFC-94EE-131031FC593E}"
EndProject
Global
	GlobalSection(SolutionConfigurationPlatforms) = preSolution
		Debug|Any CPU = Debug|Any CPU
		Release|Any CPU = Release|Any CPU
	EndGlobalSection
	GlobalSection(ProjectConfigurationPlatforms) = postSolution
		{3A2028B8-3852-4CFC-94EE-131031FC593E}.Debug|Any CPU.ActiveCfg = Debug|Any CPU
		{3A2028B8-3852-4CFC-94EE-131031FC593E}.Debug|Any CPU.Build.0 = Debug|Any CPU
		{3A2028B8-3852-4CFC-94EE-131031FC593E}.Release|Any CPU.ActiveCfg = Release|Any CPU
		{3A2028B8-3852-4CFC-94EE-131031FC593E}.Release|Any CPU.Build.0 = Release|Any CPU
	EndGlobalSection
	GlobalSection(SolutionProperties) = preSolution
		HideSolutionNode = FALSE
	EndGlobalSection
	GlobalSection(ExtensibilityGlobals) = postSolution
		SolutionGuid = {8A0E5B8F-8D9C-4DC4-8D2B-CC49C461B5DE}
	EndGlobalSection
EndGlobal
